// !$*UTF8*$!
{
	archiveVersion = 1;
	classes = {
	};
	objectVersion = 56;
	objects = {

/* Begin PBXBuildFile section */
		8D8C66D52A4EF2C400407208 /* TheFinalAppApp.swift in Sources */ = {isa = PBXBuildFile; fileRef = 8D8C66D42A4EF2C400407208 /* TheFinalAppApp.swift */; };
		8D8C66D92A4EF2C500407208 /* Assets.xcassets in Resources */ = {isa = PBXBuildFile; fileRef = 8D8C66D82A4EF2C500407208 /* Assets.xcassets */; };
		8D8C66DC2A4EF2C500407208 /* Preview Assets.xcassets in Resources */ = {isa = PBXBuildFile; fileRef = 8D8C66DB2A4EF2C500407208 /* Preview Assets.xcassets */; };
		8D8C66E32A4EF37C00407208 /* GoogleService-Info.plist in Resources */ = {isa = PBXBuildFile; fileRef = 8D8C66E22A4EF37C00407208 /* GoogleService-Info.plist */; };
		8D8C66E72A4EF69E00407208 /* FirebaseAnalytics in Frameworks */ = {isa = PBXBuildFile; productRef = 8D8C66E62A4EF69E00407208 /* FirebaseAnalytics */; };
		8D8C66EA2A4EFABB00407208 /* FirebaseAnalyticsSwift in Frameworks */ = {isa = PBXBuildFile; productRef = 8D8C66E92A4EFABB00407208 /* FirebaseAnalyticsSwift */; };
		8D8C66EC2A4EFABB00407208 /* FirebaseAuth in Frameworks */ = {isa = PBXBuildFile; productRef = 8D8C66EB2A4EFABB00407208 /* FirebaseAuth */; };
		8D8C66EF2A4EFBEC00407208 /* AuthView.swift in Sources */ = {isa = PBXBuildFile; fileRef = 8D8C66EE2A4EFBEC00407208 /* AuthView.swift */; };
		8D8C66F12A4EFD2100407208 /* MailAuthView.swift in Sources */ = {isa = PBXBuildFile; fileRef = 8D8C66F02A4EFD2100407208 /* MailAuthView.swift */; };
		8D8C66F42A4EFF2300407208 /* AuthManager.swift in Sources */ = {isa = PBXBuildFile; fileRef = 8D8C66F32A4EFF2300407208 /* AuthManager.swift */; };
		8D8C66F72A4F353500407208 /* RootView.swift in Sources */ = {isa = PBXBuildFile; fileRef = 8D8C66F62A4F353500407208 /* RootView.swift */; };
		8D8C66F92A4F3EAF00407208 /* SettingsView.swift in Sources */ = {isa = PBXBuildFile; fileRef = 8D8C66F82A4F3EAF00407208 /* SettingsView.swift */; };
/* End PBXBuildFile section */

/* Begin PBXFileReference section */
		8D8C66D12A4EF2C400407208 /* TheFinalApp.app */ = {isa = PBXFileReference; explicitFileType = wrapper.application; includeInIndex = 0; path = TheFinalApp.app; sourceTree = BUILT_PRODUCTS_DIR; };
		8D8C66D42A4EF2C400407208 /* TheFinalAppApp.swift */ = {isa = PBXFileReference; lastKnownFileType = sourcecode.swift; path = TheFinalAppApp.swift; sourceTree = "<group>"; };
		8D8C66D82A4EF2C500407208 /* Assets.xcassets */ = {isa = PBXFileReference; lastKnownFileType = folder.assetcatalog; path = Assets.xcassets; sourceTree = "<group>"; };
		8D8C66DB2A4EF2C500407208 /* Preview Assets.xcassets */ = {isa = PBXFileReference; lastKnownFileType = folder.assetcatalog; path = "Preview Assets.xcassets"; sourceTree = "<group>"; };
		8D8C66E22A4EF37C00407208 /* GoogleService-Info.plist */ = {isa = PBXFileReference; fileEncoding = 4; lastKnownFileType = text.plist.xml; path = "GoogleService-Info.plist"; sourceTree = "<group>"; };
		8D8C66EE2A4EFBEC00407208 /* AuthView.swift */ = {isa = PBXFileReference; lastKnownFileType = sourcecode.swift; path = AuthView.swift; sourceTree = "<group>"; };
		8D8C66F02A4EFD2100407208 /* MailAuthView.swift */ = {isa = PBXFileReference; lastKnownFileType = sourcecode.swift; path = MailAuthView.swift; sourceTree = "<group>"; };
		8D8C66F32A4EFF2300407208 /* AuthManager.swift */ = {isa = PBXFileReference; lastKnownFileType = sourcecode.swift; path = AuthManager.swift; sourceTree = "<group>"; };
		8D8C66F62A4F353500407208 /* RootView.swift */ = {isa = PBXFileReference; lastKnownFileType = sourcecode.swift; path = RootView.swift; sourceTree = "<group>"; };
		8D8C66F82A4F3EAF00407208 /* SettingsView.swift */ = {isa = PBXFileReference; lastKnownFileType = sourcecode.swift; path = SettingsView.swift; sourceTree = "<group>"; };
/* End PBXFileReference section */

/* Begin PBXFrameworksBuildPhase section */
		8D8C66CE2A4EF2C400407208 /* Frameworks */ = {
			isa = PBXFrameworksBuildPhase;
			buildActionMask = 2147483647;
			files = (
				8D8C66EA2A4EFABB00407208 /* FirebaseAnalyticsSwift in Frameworks */,
				8D8C66EC2A4EFABB00407208 /* FirebaseAuth in Frameworks */,
				8D8C66E72A4EF69E00407208 /* FirebaseAnalytics in Frameworks */,
			);
			runOnlyForDeploymentPostprocessing = 0;
		};
/* End PBXFrameworksBuildPhase section */

/* Begin PBXGroup section */
		8D8C66C82A4EF2C400407208 = {
			isa = PBXGroup;
			children = (
				8D8C66E22A4EF37C00407208 /* GoogleService-Info.plist */,
				8D8C66D32A4EF2C400407208 /* TheFinalApp */,
				8D8C66D22A4EF2C400407208 /* Products */,
				8D8C66E82A4EFABB00407208 /* Frameworks */,
			);
			sourceTree = "<group>";
		};
		8D8C66D22A4EF2C400407208 /* Products */ = {
			isa = PBXGroup;
			children = (
				8D8C66D12A4EF2C400407208 /* TheFinalApp.app */,
			);
			name = Products;
			sourceTree = "<group>";
		};
		8D8C66D32A4EF2C400407208 /* TheFinalApp */ = {
			isa = PBXGroup;
			children = (
				8D8C66F22A4EFEF800407208 /* Managers */,
				8D8C66ED2A4EFBCC00407208 /* Auth */,
				8D8C66F62A4F353500407208 /* RootView.swift */,
				8D8C66D42A4EF2C400407208 /* TheFinalAppApp.swift */,
				8D8C66D82A4EF2C500407208 /* Assets.xcassets */,
				8D8C66DA2A4EF2C500407208 /* Preview Content */,
				8D8C66F82A4F3EAF00407208 /* SettingsView.swift */,
			);
			path = TheFinalApp;
			sourceTree = "<group>";
		};
		8D8C66DA2A4EF2C500407208 /* Preview Content */ = {
			isa = PBXGroup;
			children = (
				8D8C66DB2A4EF2C500407208 /* Preview Assets.xcassets */,
			);
			path = "Preview Content";
			sourceTree = "<group>";
		};
		8D8C66E82A4EFABB00407208 /* Frameworks */ = {
			isa = PBXGroup;
			children = (
			);
			name = Frameworks;
			sourceTree = "<group>";
		};
		8D8C66ED2A4EFBCC00407208 /* Auth */ = {
			isa = PBXGroup;
			children = (
				8D8C66EE2A4EFBEC00407208 /* AuthView.swift */,
				8D8C66F02A4EFD2100407208 /* MailAuthView.swift */,
			);
			path = Auth;
			sourceTree = "<group>";
		};
		8D8C66F22A4EFEF800407208 /* Managers */ = {
			isa = PBXGroup;
			children = (
				8D8C66F32A4EFF2300407208 /* AuthManager.swift */,
			);
			path = Managers;
			sourceTree = "<group>";
		};
/* End PBXGroup section */

/* Begin PBXNativeTarget section */
		8D8C66D02A4EF2C400407208 /* TheFinalApp */ = {
			isa = PBXNativeTarget;
			buildConfigurationList = 8D8C66DF2A4EF2C500407208 /* Build configuration list for PBXNativeTarget "TheFinalApp" */;
			buildPhases = (
				8D8C66CD2A4EF2C400407208 /* Sources */,
				8D8C66CE2A4EF2C400407208 /* Frameworks */,
				8D8C66CF2A4EF2C400407208 /* Resources */,
			);
			buildRules = (
			);
			dependencies = (
			);
			name = TheFinalApp;
			packageProductDependencies = (
				8D8C66E62A4EF69E00407208 /* FirebaseAnalytics */,
				8D8C66E92A4EFABB00407208 /* FirebaseAnalyticsSwift */,
				8D8C66EB2A4EFABB00407208 /* FirebaseAuth */,
			);
			productName = TheFinalApp;
			productReference = 8D8C66D12A4EF2C400407208 /* TheFinalApp.app */;
			productType = "com.apple.product-type.application";
		};
/* End PBXNativeTarget section */

/* Begin PBXProject section */
		8D8C66C92A4EF2C400407208 /* Project object */ = {
			isa = PBXProject;
			attributes = {
				BuildIndependentTargetsInParallel = 1;
				LastSwiftUpdateCheck = 1420;
				LastUpgradeCheck = 1420;
				TargetAttributes = {
					8D8C66D02A4EF2C400407208 = {
						CreatedOnToolsVersion = 14.2;
					};
				};
			};
			buildConfigurationList = 8D8C66CC2A4EF2C400407208 /* Build configuration list for PBXProject "TheFinalApp" */;
			compatibilityVersion = "Xcode 14.0";
			developmentRegion = en;
			hasScannedForEncodings = 0;
			knownRegions = (
				en,
				Base,
			);
			mainGroup = 8D8C66C82A4EF2C400407208;
			packageReferences = (
				8D8C66E52A4EF69E00407208 /* XCRemoteSwiftPackageReference "firebase-ios-sdk" */,
			);
			productRefGroup = 8D8C66D22A4EF2C400407208 /* Products */;
			projectDirPath = "";
			projectRoot = "";
			targets = (
				8D8C66D02A4EF2C400407208 /* TheFinalApp */,
			);
		};
/* End PBXProject section */

/* Begin PBXResourcesBuildPhase section */
		8D8C66CF2A4EF2C400407208 /* Resources */ = {
			isa = PBXResourcesBuildPhase;
			buildActionMask = 2147483647;
			files = (
				8D8C66E32A4EF37C00407208 /* GoogleService-Info.plist in Resources */,
				8D8C66DC2A4EF2C500407208 /* Preview Assets.xcassets in Resources */,
				8D8C66D92A4EF2C500407208 /* Assets.xcassets in Resources */,
			);
			runOnlyForDeploymentPostprocessing = 0;
		};
/* End PBXResourcesBuildPhase section */

/* Begin PBXSourcesBuildPhase section */
		8D8C66CD2A4EF2C400407208 /* Sources */ = {
			isa = PBXSourcesBuildPhase;
			buildActionMask = 2147483647;
			files = (
				8D8C66F12A4EFD2100407208 /* MailAuthView.swift in Sources */,
				8D8C66F72A4F353500407208 /* RootView.swift in Sources */,
				8D8C66D52A4EF2C400407208 /* TheFinalAppApp.swift in Sources */,
				8D8C66F92A4F3EAF00407208 /* SettingsView.swift in Sources */,
				8D8C66EF2A4EFBEC00407208 /* AuthView.swift in Sources */,
				8D8C66F42A4EFF2300407208 /* AuthManager.swift in Sources */,
			);
			runOnlyForDeploymentPostprocessing = 0;
		};
/* End PBXSourcesBuildPhase section */

/* Begin XCBuildConfiguration section */
		8D8C66DD2A4EF2C500407208 /* Debug */ = {
			isa = XCBuildConfiguration;
			buildSettings = {
				ALWAYS_SEARCH_USER_PATHS = NO;
				CLANG_ANALYZER_NONNULL = YES;
				CLANG_ANALYZER_NUMBER_OBJECT_CONVERSION = YES_AGGRESSIVE;
				CLANG_CXX_LANGUAGE_STANDARD = "gnu++20";
				CLANG_ENABLE_MODULES = YES;
				CLANG_ENABLE_OBJC_ARC = YES;
				CLANG_ENABLE_OBJC_WEAK = YES;
				CLANG_WARN_BLOCK_CAPTURE_AUTORELEASING = YES;
				CLANG_WARN_BOOL_CONVERSION = YES;
				CLANG_WARN_COMMA = YES;
				CLANG_WARN_CONSTANT_CONVERSION = YES;
				CLANG_WARN_DEPRECATED_OBJC_IMPLEMENTATIONS = YES;
				CLANG_WARN_DIRECT_OBJC_ISA_USAGE = YES_ERROR;
				CLANG_WARN_DOCUMENTATION_COMMENTS = YES;
				CLANG_WARN_EMPTY_BODY = YES;
				CLANG_WARN_ENUM_CONVERSION = YES;
				CLANG_WARN_INFINITE_RECURSION = YES;
				CLANG_WARN_INT_CONVERSION = YES;
				CLANG_WARN_NON_LITERAL_NULL_CONVERSION = YES;
				CLANG_WARN_OBJC_IMPLICIT_RETAIN_SELF = YES;
				CLANG_WARN_OBJC_LITERAL_CONVERSION = YES;
				CLANG_WARN_OBJC_ROOT_CLASS = YES_ERROR;
				CLANG_WARN_QUOTED_INCLUDE_IN_FRAMEWORK_HEADER = YES;
				CLANG_WARN_RANGE_LOOP_ANALYSIS = YES;
				CLANG_WARN_STRICT_PROTOTYPES = YES;
				CLANG_WARN_SUSPICIOUS_MOVE = YES;
				CLANG_WARN_UNGUARDED_AVAILABILITY = YES_AGGRESSIVE;
				CLANG_WARN_UNREACHABLE_CODE = YES;
				CLANG_WARN__DUPLICATE_METHOD_MATCH = YES;
				COPY_PHASE_STRIP = NO;
				DEBUG_INFORMATION_FORMAT = dwarf;
				ENABLE_STRICT_OBJC_MSGSEND = YES;
				ENABLE_TESTABILITY = YES;
				GCC_C_LANGUAGE_STANDARD = gnu11;
				GCC_DYNAMIC_NO_PIC = NO;
				GCC_NO_COMMON_BLOCKS = YES;
				GCC_OPTIMIZATION_LEVEL = 0;
				GCC_PREPROCESSOR_DEFINITIONS = (
					"DEBUG=1",
					"$(inherited)",
				);
				GCC_WARN_64_TO_32_BIT_CONVERSION = YES;
				GCC_WARN_ABOUT_RETURN_TYPE = YES_ERROR;
				GCC_WARN_UNDECLARED_SELECTOR = YES;
				GCC_WARN_UNINITIALIZED_AUTOS = YES_AGGRESSIVE;
				GCC_WARN_UNUSED_FUNCTION = YES;
				GCC_WARN_UNUSED_VARIABLE = YES;
				IPHONEOS_DEPLOYMENT_TARGET = 16.2;
				MTL_ENABLE_DEBUG_INFO = INCLUDE_SOURCE;
				MTL_FAST_MATH = YES;
				ONLY_ACTIVE_ARCH = YES;
				SDKROOT = iphoneos;
				SWIFT_ACTIVE_COMPILATION_CONDITIONS = DEBUG;
				SWIFT_OPTIMIZATION_LEVEL = "-Onone";
			};
			name = Debug;
		};
		8D8C66DE2A4EF2C500407208 /* Release */ = {
			isa = XCBuildConfiguration;
			buildSettings = {
				ALWAYS_SEARCH_USER_PATHS = NO;
				CLANG_ANALYZER_NONNULL = YES;
				CLANG_ANALYZER_NUMBER_OBJECT_CONVERSION = YES_AGGRESSIVE;
				CLANG_CXX_LANGUAGE_STANDARD = "gnu++20";
				CLANG_ENABLE_MODULES = YES;
				CLANG_ENABLE_OBJC_ARC = YES;
				CLANG_ENABLE_OBJC_WEAK = YES;
				CLANG_WARN_BLOCK_CAPTURE_AUTORELEASING = YES;
				CLANG_WARN_BOOL_CONVERSION = YES;
				CLANG_WARN_COMMA = YES;
				CLANG_WARN_CONSTANT_CONVERSION = YES;
				CLANG_WARN_DEPRECATED_OBJC_IMPLEMENTATIONS = YES;
				CLANG_WARN_DIRECT_OBJC_ISA_USAGE = YES_ERROR;
				CLANG_WARN_DOCUMENTATION_COMMENTS = YES;
				CLANG_WARN_EMPTY_BODY = YES;
				CLANG_WARN_ENUM_CONVERSION = YES;
				CLANG_WARN_INFINITE_RECURSION = YES;
				CLANG_WARN_INT_CONVERSION = YES;
				CLANG_WARN_NON_LITERAL_NULL_CONVERSION = YES;
				CLANG_WARN_OBJC_IMPLICIT_RETAIN_SELF = YES;
				CLANG_WARN_OBJC_LITERAL_CONVERSION = YES;
				CLANG_WARN_OBJC_ROOT_CLASS = YES_ERROR;
				CLANG_WARN_QUOTED_INCLUDE_IN_FRAMEWORK_HEADER = YES;
				CLANG_WARN_RANGE_LOOP_ANALYSIS = YES;
				CLANG_WARN_STRICT_PROTOTYPES = YES;
				CLANG_WARN_SUSPICIOUS_MOVE = YES;
				CLANG_WARN_UNGUARDED_AVAILABILITY = YES_AGGRESSIVE;
				CLANG_WARN_UNREACHABLE_CODE = YES;
				CLANG_WARN__DUPLICATE_METHOD_MATCH = YES;
				COPY_PHASE_STRIP = NO;
				DEBUG_INFORMATION_FORMAT = "dwarf-with-dsym";
				ENABLE_NS_ASSERTIONS = NO;
				ENABLE_STRICT_OBJC_MSGSEND = YES;
				GCC_C_LANGUAGE_STANDARD = gnu11;
				GCC_NO_COMMON_BLOCKS = YES;
				GCC_WARN_64_TO_32_BIT_CONVERSION = YES;
				GCC_WARN_ABOUT_RETURN_TYPE = YES_ERROR;
				GCC_WARN_UNDECLARED_SELECTOR = YES;
				GCC_WARN_UNINITIALIZED_AUTOS = YES_AGGRESSIVE;
				GCC_WARN_UNUSED_FUNCTION = YES;
				GCC_WARN_UNUSED_VARIABLE = YES;
				IPHONEOS_DEPLOYMENT_TARGET = 16.2;
				MTL_ENABLE_DEBUG_INFO = NO;
				MTL_FAST_MATH = YES;
				SDKROOT = iphoneos;
				SWIFT_COMPILATION_MODE = wholemodule;
				SWIFT_OPTIMIZATION_LEVEL = "-O";
				VALIDATE_PRODUCT = YES;
			};
			name = Release;
		};
		8D8C66E02A4EF2C500407208 /* Debug */ = {
			isa = XCBuildConfiguration;
			buildSettings = {
				ASSETCATALOG_COMPILER_APPICON_NAME = AppIcon;
				ASSETCATALOG_COMPILER_GLOBAL_ACCENT_COLOR_NAME = AccentColor;
				CODE_SIGN_STYLE = Automatic;
				CURRENT_PROJECT_VERSION = 1;
				DEVELOPMENT_ASSET_PATHS = "\"TheFinalApp/Preview Content\"";
				DEVELOPMENT_TEAM = 79GHQ256TM;
				ENABLE_PREVIEWS = YES;
				GENERATE_INFOPLIST_FILE = YES;
				INFOPLIST_KEY_UIApplicationSceneManifest_Generation = YES;
				INFOPLIST_KEY_UIApplicationSupportsIndirectInputEvents = YES;
				INFOPLIST_KEY_UILaunchScreen_Generation = YES;
				INFOPLIST_KEY_UISupportedInterfaceOrientations_iPad = "UIInterfaceOrientationPortrait UIInterfaceOrientationPortraitUpsideDown UIInterfaceOrientationLandscapeLeft UIInterfaceOrientationLandscapeRight";
				INFOPLIST_KEY_UISupportedInterfaceOrientations_iPhone = "UIInterfaceOrientationPortrait UIInterfaceOrientationLandscapeLeft UIInterfaceOrientationLandscapeRight";
				IPHONEOS_DEPLOYMENT_TARGET = 16.0;
				LD_RUNPATH_SEARCH_PATHS = (
					"$(inherited)",
					"@executable_path/Frameworks",
				);
				MARKETING_VERSION = 1.0;
				PRODUCT_BUNDLE_IDENTIFIER = com.manev.mikhail.TheFinalApp;
				PRODUCT_NAME = "$(TARGET_NAME)";
				SWIFT_EMIT_LOC_STRINGS = YES;
				SWIFT_VERSION = 5.0;
				TARGETED_DEVICE_FAMILY = "1,2";
			};
			name = Debug;
		};
		8D8C66E12A4EF2C500407208 /* Release */ = {
			isa = XCBuildConfiguration;
			buildSettings = {
				ASSETCATALOG_COMPILER_APPICON_NAME = AppIcon;
				ASSETCATALOG_COMPILER_GLOBAL_ACCENT_COLOR_NAME = AccentColor;
				CODE_SIGN_STYLE = Automatic;
				CURRENT_PROJECT_VERSION = 1;
				DEVELOPMENT_ASSET_PATHS = "\"TheFinalApp/Preview Content\"";
				DEVELOPMENT_TEAM = 79GHQ256TM;
				ENABLE_PREVIEWS = YES;
				GENERATE_INFOPLIST_FILE = YES;
				INFOPLIST_KEY_UIApplicationSceneManifest_Generation = YES;
				INFOPLIST_KEY_UIApplicationSupportsIndirectInputEvents = YES;
				INFOPLIST_KEY_UILaunchScreen_Generation = YES;
				INFOPLIST_KEY_UISupportedInterfaceOrientations_iPad = "UIInterfaceOrientationPortrait UIInterfaceOrientationPortraitUpsideDown UIInterfaceOrientationLandscapeLeft UIInterfaceOrientationLandscapeRight";
				INFOPLIST_KEY_UISupportedInterfaceOrientations_iPhone = "UIInterfaceOrientationPortrait UIInterfaceOrientationLandscapeLeft UIInterfaceOrientationLandscapeRight";
				IPHONEOS_DEPLOYMENT_TARGET = 16.0;
				LD_RUNPATH_SEARCH_PATHS = (
					"$(inherited)",
					"@executable_path/Frameworks",
				);
				MARKETING_VERSION = 1.0;
				PRODUCT_BUNDLE_IDENTIFIER = com.manev.mikhail.TheFinalApp;
				PRODUCT_NAME = "$(TARGET_NAME)";
				SWIFT_EMIT_LOC_STRINGS = YES;
				SWIFT_VERSION = 5.0;
				TARGETED_DEVICE_FAMILY = "1,2";
			};
			name = Release;
		};
/* End XCBuildConfiguration section */

/* Begin XCConfigurationList section */
		8D8C66CC2A4EF2C400407208 /* Build configuration list for PBXProject "TheFinalApp" */ = {
			isa = XCConfigurationList;
			buildConfigurations = (
				8D8C66DD2A4EF2C500407208 /* Debug */,
				8D8C66DE2A4EF2C500407208 /* Release */,
			);
			defaultConfigurationIsVisible = 0;
			defaultConfigurationName = Release;
		};
		8D8C66DF2A4EF2C500407208 /* Build configuration list for PBXNativeTarget "TheFinalApp" */ = {
			isa = XCConfigurationList;
			buildConfigurations = (
				8D8C66E02A4EF2C500407208 /* Debug */,
				8D8C66E12A4EF2C500407208 /* Release */,
			);
			defaultConfigurationIsVisible = 0;
			defaultConfigurationName = Release;
		};
/* End XCConfigurationList section */

/* Begin XCRemoteSwiftPackageReference section */
		8D8C66E52A4EF69E00407208 /* XCRemoteSwiftPackageReference "firebase-ios-sdk" */ = {
			isa = XCRemoteSwiftPackageReference;
			repositoryURL = "https://github.com/firebase/firebase-ios-sdk";
			requirement = {
				kind = exactVersion;
				version = 10.11.0;
			};
		};
/* End XCRemoteSwiftPackageReference section */

/* Begin XCSwiftPackageProductDependency section */
		8D8C66E62A4EF69E00407208 /* FirebaseAnalytics */ = {
			isa = XCSwiftPackageProductDependency;
			package = 8D8C66E52A4EF69E00407208 /* XCRemoteSwiftPackageReference "firebase-ios-sdk" */;
			productName = FirebaseAnalytics;
		};
		8D8C66E92A4EFABB00407208 /* FirebaseAnalyticsSwift */ = {
			isa = XCSwiftPackageProductDependency;
			package = 8D8C66E52A4EF69E00407208 /* XCRemoteSwiftPackageReference "firebase-ios-sdk" */;
			productName = FirebaseAnalyticsSwift;
		};
		8D8C66EB2A4EFABB00407208 /* FirebaseAuth */ = {
			isa = XCSwiftPackageProductDependency;
			package = 8D8C66E52A4EF69E00407208 /* XCRemoteSwiftPackageReference "firebase-ios-sdk" */;
			productName = FirebaseAuth;
		};
/* End XCSwiftPackageProductDependency section */
	};
	rootObject = 8D8C66C92A4EF2C400407208 /* Project object */;
}
